# THIS IS AN AUTOGENERATED FILE. DO NOT EDIT THIS FILE DIRECTLY.
# yarn lockfile v1


konva@^7.0.3:
  version "7.0.3"
  resolved "https://registry.yarnpkg.com/konva/-/konva-7.0.3.tgz#7841e4f8bfd1ce839cf38390b7e33d79a4b2ac34"
  integrity sha512-Qgq4DtzNeJdx2f5wDnhcvojddvYFYn/8dNvf0TrGe3sVyYMG3Jj/aVq37dfjYlOzvWPlE1aGcc0xqNRpnxHL5A==
